// !$*UTF8*$!
{
	archiveVersion = 1;
	classes = {
	};
	objectVersion = 50;
	objects = {

/* Begin PBXBuildFile section */
		378EDCE024C0DBD000A604E7 /* AppDelegate.swift in Sources */ = {isa = PBXBuildFile; fileRef = 378EDCDF24C0DBD000A604E7 /* AppDelegate.swift */; };
		378EDCE224C0DBD000A604E7 /* SceneDelegate.swift in Sources */ = {isa = PBXBuildFile; fileRef = 378EDCE124C0DBD000A604E7 /* SceneDelegate.swift */; };
		378EDCE424C0DBD000A604E7 /* ViewController.swift in Sources */ = {isa = PBXBuildFile; fileRef = 378EDCE324C0DBD000A604E7 /* ViewController.swift */; };
		378EDCE724C0DBD000A604E7 /* Main.storyboard in Resources */ = {isa = PBXBuildFile; fileRef = 378EDCE524C0DBD000A604E7 /* Main.storyboard */; };
		378EDCEA24C0DBD000A604E7 /* WordsStorage.xcdatamodeld in Sources */ = {isa = PBXBuildFile; fileRef = 378EDCE824C0DBD000A604E7 /* WordsStorage.xcdatamodeld */; };
		378EDCEC24C0DBD100A604E7 /* Assets.xcassets in Resources */ = {isa = PBXBuildFile; fileRef = 378EDCEB24C0DBD100A604E7 /* Assets.xcassets */; };
		378EDCEF24C0DBD100A604E7 /* LaunchScreen.storyboard in Resources */ = {isa = PBXBuildFile; fileRef = 378EDCED24C0DBD100A604E7 /* LaunchScreen.storyboard */; };
/* End PBXBuildFile section */

/* Begin PBXFileReference section */
		378EDCDC24C0DBD000A604E7 /* WordsStorage.app */ = {isa = PBXFileReference; explicitFileType = wrapper.application; includeInIndex = 0; path = WordsStorage.app; sourceTree = BUILT_PRODUCTS_DIR; };
		378EDCDF24C0DBD000A604E7 /* AppDelegate.swift */ = {isa = PBXFileReference; lastKnownFileType = sourcecode.swift; path = AppDelegate.swift; sourceTree = "<group>"; };
		378EDCE124C0DBD000A604E7 /* SceneDelegate.swift */ = {isa = PBXFileReference; lastKnownFileType = sourcecode.swift; path = SceneDelegate.swift; sourceTree = "<group>"; };
		378EDCE324C0DBD000A604E7 /* ViewController.swift */ = {isa = PBXFileReference; lastKnownFileType = sourcecode.swift; path = ViewController.swift; sourceTree = "<group>"; };
		378EDCE624C0DBD000A604E7 /* Base */ = {isa = PBXFileReference; lastKnownFileType = file.storyboard; name = Base; path = Base.lproj/Main.storyboard; sourceTree = "<group>"; };
		378EDCE924C0DBD000A604E7 /* WordsStorage.xcdatamodel */ = {isa = PBXFileReference; lastKnownFileType = wrapper.xcdatamodel; path = WordsStorage.xcdatamodel; sourceTree = "<group>"; };
		378EDCEB24C0DBD100A604E7 /* Assets.xcassets */ = {isa = PBXFileReference; lastKnownFileType = folder.assetcatalog; path = Assets.xcassets; sourceTree = "<group>"; };
		378EDCEE24C0DBD100A604E7 /* Base */ = {isa = PBXFileReference; lastKnownFileType = file.storyboard; name = Base; path = Base.lproj/LaunchScreen.storyboard; sourceTree = "<group>"; };
		378EDCF024C0DBD100A604E7 /* Info.plist */ = {isa = PBXFileReference; lastKnownFileType = text.plist.xml; path = Info.plist; sourceTree = "<group>"; };
/* End PBXFileReference section */

/* Begin PBXFrameworksBuildPhase section */
		378EDCD924C0DBD000A604E7 /* Frameworks */ = {
			isa = PBXFrameworksBuildPhase;
			buildActionMask = 2147483647;
			files = (
			);
			runOnlyForDeploymentPostprocessing = 0;
		};
/* End PBXFrameworksBuildPhase section */

/* Begin PBXGroup section */
		378EDCD324C0DBD000A604E7 = {
			isa = PBXGroup;
			children = (
				378EDCDE24C0DBD000A604E7 /* WordsStorage */,
				378EDCDD24C0DBD000A604E7 /* Products */,
			);
			sourceTree = "<group>";
		};
		378EDCDD24C0DBD000A604E7 /* Products */ = {
			isa = PBXGroup;
			children = (
				378EDCDC24C0DBD000A604E7 /* WordsStorage.app */,
			);
			name = Products;
			sourceTree = "<group>";
		};
		378EDCDE24C0DBD000A604E7 /* WordsStorage */ = {
			isa = PBXGroup;
			children = (
				378EDCDF24C0DBD000A604E7 /* AppDelegate.swift */,
				378EDCE124C0DBD000A604E7 /* SceneDelegate.swift */,
				378EDCE324C0DBD000A604E7 /* ViewController.swift */,
				378EDCE524C0DBD000A604E7 /* Main.storyboard */,
				378EDCEB24C0DBD100A604E7 /* Assets.xcassets */,
				378EDCED24C0DBD100A604E7 /* LaunchScreen.storyboard */,
				378EDCF024C0DBD100A604E7 /* Info.plist */,
				378EDCE824C0DBD000A604E7 /* WordsStorage.xcdatamodeld */,
			);
			path = WordsStorage;
			sourceTree = "<group>";
		};
/* End PBXGroup section */

/* Begin PBXNativeTarget section */
		378EDCDB24C0DBD000A604E7 /* WordsStorage */ = {
			isa = PBXNativeTarget;
			buildConfigurationList = 378EDCF324C0DBD100A604E7 /* Build configuration list for PBXNativeTarget "WordsStorage" */;
			buildPhases = (
				378EDCD824C0DBD000A604E7 /* Sources */,
				378EDCD924C0DBD000A604E7 /* Frameworks */,
				378EDCDA24C0DBD000A604E7 /* Resources */,
			);
			buildRules = (
			);
			dependencies = (
			);
			name = WordsStorage;
			productName = WordsStorage;
			productReference = 378EDCDC24C0DBD000A604E7 /* WordsStorage.app */;
			productType = "com.apple.product-type.application";
		};
/* End PBXNativeTarget section */

/* Begin PBXProject section */
		378EDCD424C0DBD000A604E7 /* Project object */ = {
			isa = PBXProject;
			attributes = {
				LastSwiftUpdateCheck = 1150;
				LastUpgradeCheck = 1150;
				ORGANIZATIONNAME = "Ezequiel Parada";
				TargetAttributes = {
					378EDCDB24C0DBD000A604E7 = {
						CreatedOnToolsVersion = 11.5;
					};
				};
			};
			buildConfigurationList = 378EDCD724C0DBD000A604E7 /* Build configuration list for PBXProject "WordsStorage" */;
			compatibilityVersion = "Xcode 9.3";
			developmentRegion = en;
			hasScannedForEncodings = 0;
			knownRegions = (
				en,
				Base,
			);
			mainGroup = 378EDCD324C0DBD000A604E7;
			productRefGroup = 378EDCDD24C0DBD000A604E7 /* Products */;
			projectDirPath = "";
			projectRoot = "";
			targets = (
				378EDCDB24C0DBD000A604E7 /* WordsStorage */,
			);
		};
/* End PBXProject section */

/* Begin PBXResourcesBuildPhase section */
		378EDCDA24C0DBD000A604E7 /* Resources */ = {
			isa = PBXResourcesBuildPhase;
			buildActionMask = 2147483647;
			files = (
				378EDCEF24C0DBD100A604E7 /* LaunchScreen.storyboard in Resources */,
				378EDCEC24C0DBD100A604E7 /* Assets.xcassets in Resources */,
				378EDCE724C0DBD000A604E7 /* Main.storyboard in Resources */,
			);
			runOnlyForDeploymentPostprocessing = 0;
		};
/* End PBXResourcesBuildPhase section */

/* Begin PBXSourcesBuildPhase section */
		378EDCD824C0DBD000A604E7 /* Sources */ = {
			isa = PBXSourcesBuildPhase;
			buildActionMask = 2147483647;
			files = (
				378EDCE424C0DBD000A604E7 /* ViewController.swift in Sources */,
				378EDCEA24C0DBD000A604E7 /* WordsStorage.xcdatamodeld in Sources */,
				378EDCE024C0DBD000A604E7 /* AppDelegate.swift in Sources */,
				378EDCE224C0DBD000A604E7 /* SceneDelegate.swift in Sources */,
			);
			runOnlyForDeploymentPostprocessing = 0;
		};
/* End PBXSourcesBuildPhase section */

/* Begin PBXVariantGroup section */
		378EDCE524C0DBD000A604E7 /* Main.storyboard */ = {
			isa = PBXVariantGroup;
			children = (
				378EDCE624C0DBD000A604E7 /* Base */,
			);
			name = Main.storyboard;
			sourceTree = "<group>";
		};
		378EDCED24C0DBD100A604E7 /* LaunchScreen.storyboard */ = {
			isa = PBXVariantGroup;
			children = (
				378EDCEE24C0DBD100A604E7 /* Base */,
			);
			name = LaunchScreen.storyboard;
			sourceTree = "<group>";
		};
/* End PBXVariantGroup section */

/* Begin XCBuildConfiguration section */
		378EDCF124C0DBD100A604E7 /* Debug */ = {
			isa = XCBuildConfiguration;
			buildSettings = {
				ALWAYS_SEARCH_USER_PATHS = NO;
				CLANG_ANALYZER_NONNULL = YES;
				CLANG_ANALYZER_NUMBER_OBJECT_CONVERSION = YES_AGGRESSIVE;
				CLANG_CXX_LANGUAGE_STANDARD = "gnu++14";
				CLANG_CXX_LIBRARY = "libc++";
				CLANG_ENABLE_MODULES = YES;
				CLANG_ENABLE_OBJC_ARC = YES;
				CLANG_ENABLE_OBJC_WEAK = YES;
				CLANG_WARN_BLOCK_CAPTURE_AUTORELEASING = YES;
				CLANG_WARN_BOOL_CONVERSION = YES;
				CLANG_WARN_COMMA = YES;
				CLANG_WARN_CONSTANT_CONVERSION = YES;
				CLANG_WARN_DEPRECATED_OBJC_IMPLEMENTATIONS = YES;
				CLANG_WARN_DIRECT_OBJC_ISA_USAGE = YES_ERROR;
				CLANG_WARN_DOCUMENTATION_COMMENTS = YES;
				CLANG_WARN_EMPTY_BODY = YES;
				CLANG_WARN_ENUM_CONVERSION = YES;
				CLANG_WARN_INFINITE_RECURSION = YES;
				CLANG_WARN_INT_CONVERSION = YES;
				CLANG_WARN_NON_LITERAL_NULL_CONVERSION = YES;
				CLANG_WARN_OBJC_IMPLICIT_RETAIN_SELF = YES;
				CLANG_WARN_OBJC_LITERAL_CONVERSION = YES;
				CLANG_WARN_OBJC_ROOT_CLASS = YES_ERROR;
				CLANG_WARN_RANGE_LOOP_ANALYSIS = YES;
				CLANG_WARN_STRICT_PROTOTYPES = YES;
				CLANG_WARN_SUSPICIOUS_MOVE = YES;
				CLANG_WARN_UNGUARDED_AVAILABILITY = YES_AGGRESSIVE;
				CLANG_WARN_UNREACHABLE_CODE = YES;
				CLANG_WARN__DUPLICATE_METHOD_MATCH = YES;
				COPY_PHASE_STRIP = NO;
				DEBUG_INFORMATION_FORMAT = dwarf;
				ENABLE_STRICT_OBJC_MSGSEND = YES;
				ENABLE_TESTABILITY = YES;
				GCC_C_LANGUAGE_STANDARD = gnu11;
				GCC_DYNAMIC_NO_PIC = NO;
				GCC_NO_COMMON_BLOCKS = YES;
				GCC_OPTIMIZATION_LEVEL = 0;
				GCC_PREPROCESSOR_DEFINITIONS = (
					"DEBUG=1",
					"$(inherited)",
				);
				GCC_WARN_64_TO_32_BIT_CONVERSION = YES;
				GCC_WARN_ABOUT_RETURN_TYPE = YES_ERROR;
				GCC_WARN_UNDECLARED_SELECTOR = YES;
				GCC_WARN_UNINITIALIZED_AUTOS = YES_AGGRESSIVE;
				GCC_WARN_UNUSED_FUNCTION = YES;
				GCC_WARN_UNUSED_VARIABLE = YES;
				IPHONEOS_DEPLOYMENT_TARGET = 13.5;
				MTL_ENABLE_DEBUG_INFO = INCLUDE_SOURCE;
				MTL_FAST_MATH = YES;
				ONLY_ACTIVE_ARCH = YES;
				SDKROOT = iphoneos;
				SWIFT_ACTIVE_COMPILATION_CONDITIONS = DEBUG;
				SWIFT_OPTIMIZATION_LEVEL = "-Onone";
			};
			name = Debug;
		};
		378EDCF224C0DBD100A604E7 /* Release */ = {
			isa = XCBuildConfiguration;
			buildSettings = {
				ALWAYS_SEARCH_USER_PATHS = NO;
				CLANG_ANALYZER_NONNULL = YES;
				CLANG_ANALYZER_NUMBER_OBJECT_CONVERSION = YES_AGGRESSIVE;
				CLANG_CXX_LANGUAGE_STANDARD = "gnu++14";
				CLANG_CXX_LIBRARY = "libc++";
				CLANG_ENABLE_MODULES = YES;
				CLANG_ENABLE_OBJC_ARC = YES;
				CLANG_ENABLE_OBJC_WEAK = YES;
				CLANG_WARN_BLOCK_CAPTURE_AUTORELEASING = YES;
				CLANG_WARN_BOOL_CONVERSION = YES;
				CLANG_WARN_COMMA = YES;
				CLANG_WARN_CONSTANT_CONVERSION = YES;
				CLANG_WARN_DEPRECATED_OBJC_IMPLEMENTATIONS = YES;
				CLANG_WARN_DIRECT_OBJC_ISA_USAGE = YES_ERROR;
				CLANG_WARN_DOCUMENTATION_COMMENTS = YES;
				CLANG_WARN_EMPTY_BODY = YES;
				CLANG_WARN_ENUM_CONVERSION = YES;
				CLANG_WARN_INFINITE_RECURSION = YES;
				CLANG_WARN_INT_CONVERSION = YES;
				CLANG_WARN_NON_LITERAL_NULL_CONVERSION = YES;
				CLANG_WARN_OBJC_IMPLICIT_RETAIN_SELF = YES;
				CLANG_WARN_OBJC_LITERAL_CONVERSION = YES;
				CLANG_WARN_OBJC_ROOT_CLASS = YES_ERROR;
				CLANG_WARN_RANGE_LOOP_ANALYSIS = YES;
				CLANG_WARN_STRICT_PROTOTYPES = YES;
				CLANG_WARN_SUSPICIOUS_MOVE = YES;
				CLANG_WARN_UNGUARDED_AVAILABILITY = YES_AGGRESSIVE;
				CLANG_WARN_UNREACHABLE_CODE = YES;
				CLANG_WARN__DUPLICATE_METHOD_MATCH = YES;
				COPY_PHASE_STRIP = NO;
				DEBUG_INFORMATION_FORMAT = "dwarf-with-dsym";
				ENABLE_NS_ASSERTIONS = NO;
				ENABLE_STRICT_OBJC_MSGSEND = YES;
				GCC_C_LANGUAGE_STANDARD = gnu11;
				GCC_NO_COMMON_BLOCKS = YES;
				GCC_WARN_64_TO_32_BIT_CONVERSION = YES;
				GCC_WARN_ABOUT_RETURN_TYPE = YES_ERROR;
				GCC_WARN_UNDECLARED_SELECTOR = YES;
				GCC_WARN_UNINITIALIZED_AUTOS = YES_AGGRESSIVE;
				GCC_WARN_UNUSED_FUNCTION = YES;
				GCC_WARN_UNUSED_VARIABLE = YES;
				IPHONEOS_DEPLOYMENT_TARGET = 13.5;
				MTL_ENABLE_DEBUG_INFO = NO;
				MTL_FAST_MATH = YES;
				SDKROOT = iphoneos;
				SWIFT_COMPILATION_MODE = wholemodule;
				SWIFT_OPTIMIZATION_LEVEL = "-O";
				VALIDATE_PRODUCT = YES;
			};
			name = Release;
		};
		378EDCF424C0DBD100A604E7 /* Debug */ = {
			isa = XCBuildConfiguration;
			buildSettings = {
				ASSETCATALOG_COMPILER_APPICON_NAME = AppIcon;
				CODE_SIGN_STYLE = Automatic;
				DEVELOPMENT_TEAM = 8PF4PD98CF;
				INFOPLIST_FILE = WordsStorage/Info.plist;
				LD_RUNPATH_SEARCH_PATHS = (
					"$(inherited)",
					"@executable_path/Frameworks",
				);
				PRODUCT_BUNDLE_IDENTIFIER = com.paradabeltran.WordsStorage;
				PRODUCT_NAME = "$(TARGET_NAME)";
				SWIFT_VERSION = 5.0;
				TARGETED_DEVICE_FAMILY = "1,2";
			};
			name = Debug;
		};
		378EDCF524C0DBD100A604E7 /* Release */ = {
			isa = XCBuildConfiguration;
			buildSettings = {
				ASSETCATALOG_COMPILER_APPICON_NAME = AppIcon;
				CODE_SIGN_STYLE = Automatic;
				DEVELOPMENT_TEAM = 8PF4PD98CF;
				INFOPLIST_FILE = WordsStorage/Info.plist;
				LD_RUNPATH_SEARCH_PATHS = (
					"$(inherited)",
					"@executable_path/Frameworks",
				);
				PRODUCT_BUNDLE_IDENTIFIER = com.paradabeltran.WordsStorage;
				PRODUCT_NAME = "$(TARGET_NAME)";
				SWIFT_VERSION = 5.0;
				TARGETED_DEVICE_FAMILY = "1,2";
			};
			name = Release;
		};
/* End XCBuildConfiguration section */

/* Begin XCConfigurationList section */
		378EDCD724C0DBD000A604E7 /* Build configuration list for PBXProject "WordsStorage" */ = {
			isa = XCConfigurationList;
			buildConfigurations = (
				378EDCF124C0DBD100A604E7 /* Debug */,
				378EDCF224C0DBD100A604E7 /* Release */,
			);
			defaultConfigurationIsVisible = 0;
			defaultConfigurationName = Release;
		};
		378EDCF324C0DBD100A604E7 /* Build configuration list for PBXNativeTarget "WordsStorage" */ = {
			isa = XCConfigurationList;
			buildConfigurations = (
				378EDCF424C0DBD100A604E7 /* Debug */,
				378EDCF524C0DBD100A604E7 /* Release */,
			);
			defaultConfigurationIsVisible = 0;
			defaultConfigurationName = Release;
		};
/* End XCConfigurationList section */

/* Begin XCVersionGroup section */
		378EDCE824C0DBD000A604E7 /* WordsStorage.xcdatamodeld */ = {
			isa = XCVersionGroup;
			children = (
				378EDCE924C0DBD000A604E7 /* WordsStorage.xcdatamodel */,
			);
			currentVersion = 378EDCE924C0DBD000A604E7 /* WordsStorage.xcdatamodel */;
			path = WordsStorage.xcdatamodeld;
			sourceTree = "<group>";
			versionGroupType = wrapper.xcdatamodel;
		};
/* End XCVersionGroup section */
	};
	rootObject = 378EDCD424C0DBD000A604E7 /* Project object */;
}
